
Microsoft Visual Studio Solution File, Format Version 12.00
# Visual Studio Version 17
VisualStudioVersion = 17.13.35825.156 d17.13
MinimumVisualStudioVersion = 10.0.40219.1
Project("{FAE04EC0-301F-11D3-BF4B-00C04F79EFBC}") = "GameLand", "GameLand.csproj", "{D2F3804E-978F-4A91-8AF7-37D733214376}"
EndProject
Global
	GlobalSection(SolutionConfigurationPlatforms) = preSolution
		Debug|Any CPU = Debug|Any CPU
		Release|Any CPU = Release|Any CPU
	EndGlobalSection
	GlobalSection(ProjectConfigurationPlatforms) = postSolution
		{D2F3804E-978F-4A91-8AF7-37D733214376}.Debug|Any CPU.ActiveCfg = Debug|Any CPU
		{D2F3804E-978F-4A91-8AF7-37D733214376}.Debug|Any CPU.Build.0 = Debug|Any CPU
		{D2F3804E-978F-4A91-8AF7-37D733214376}.Release|Any CPU.ActiveCfg = Release|Any CPU
		{D2F3804E-978F-4A91-8AF7-37D733214376}.Release|Any CPU.Build.0 = Release|Any CPU
	EndGlobalSection
	GlobalSection(SolutionProperties) = preSolution
		HideSolutionNode = FALSE
	EndGlobalSection
	GlobalSection(ExtensibilityGlobals) = postSolution
		SolutionGuid = {500D3C86-A2F7-4F8D-8B8A-A0F67F4C61F7}
	EndGlobalSection
EndGlobal
