
Microsoft Visual Studio Solution File, Format Version 12.00
# Visual Studio Version 17
VisualStudioVersion = 17.13.35825.156 d17.13
MinimumVisualStudioVersion = 10.0.40219.1
Project("{FAE04EC0-301F-11D3-BF4B-00C04F79EFBC}") = "Register", "Register.csproj", "{C5B9F694-7BF5-4AEA-A085-2356C8C00D5F}"
EndProject
Global
	GlobalSection(SolutionConfigurationPlatforms) = preSolution
		Debug|Any CPU = Debug|Any CPU
		Release|Any CPU = Release|Any CPU
	EndGlobalSection
	GlobalSection(ProjectConfigurationPlatforms) = postSolution
		{C5B9F694-7BF5-4AEA-A085-2356C8C00D5F}.Debug|Any CPU.ActiveCfg = Debug|Any CPU
		{C5B9F694-7BF5-4AEA-A085-2356C8C00D5F}.Debug|Any CPU.Build.0 = Debug|Any CPU
		{C5B9F694-7BF5-4AEA-A085-2356C8C00D5F}.Release|Any CPU.ActiveCfg = Release|Any CPU
		{C5B9F694-7BF5-4AEA-A085-2356C8C00D5F}.Release|Any CPU.Build.0 = Release|Any CPU
	EndGlobalSection
	GlobalSection(SolutionProperties) = preSolution
		HideSolutionNode = FALSE
	EndGlobalSection
	GlobalSection(ExtensibilityGlobals) = postSolution
		SolutionGuid = {A3D73875-A1E8-43BA-92CA-09C20CF8959E}
	EndGlobalSection
EndGlobal
