
Microsoft Visual Studio Solution File, Format Version 12.00
# Visual Studio Version 17
VisualStudioVersion = 17.13.35825.156 d17.13
MinimumVisualStudioVersion = 10.0.40219.1
Project("{FAE04EC0-301F-11D3-BF4B-00C04F79EFBC}") = "Register", "Register\Register.csproj", "{D5186D8B-F5A8-4C55-B8EB-70E3F1975BB2}"
EndProject
Global
	GlobalSection(SolutionConfigurationPlatforms) = preSolution
		Debug|Any CPU = Debug|Any CPU
		Release|Any CPU = Release|Any CPU
	EndGlobalSection
	GlobalSection(ProjectConfigurationPlatforms) = postSolution
		{D5186D8B-F5A8-4C55-B8EB-70E3F1975BB2}.Debug|Any CPU.ActiveCfg = Debug|Any CPU
		{D5186D8B-F5A8-4C55-B8EB-70E3F1975BB2}.Debug|Any CPU.Build.0 = Debug|Any CPU
		{D5186D8B-F5A8-4C55-B8EB-70E3F1975BB2}.Release|Any CPU.ActiveCfg = Release|Any CPU
		{D5186D8B-F5A8-4C55-B8EB-70E3F1975BB2}.Release|Any CPU.Build.0 = Release|Any CPU
	EndGlobalSection
	GlobalSection(SolutionProperties) = preSolution
		HideSolutionNode = FALSE
	EndGlobalSection
	GlobalSection(ExtensibilityGlobals) = postSolution
		SolutionGuid = {8DAA347B-17E5-4A3A-B397-C6A05EA15124}
	EndGlobalSection
EndGlobal
